// !$*UTF8*$!
{
	archiveVersion = 1;
	classes = {
	};
	objectVersion = 50;
	objects = {

/* Begin PBXBuildFile section */
		CC3897CB22B74CA1001ECA28 /* CreateEventTableVC.swift in Sources */ = {isa = PBXBuildFile; fileRef = CC3897CA22B74CA1001ECA28 /* CreateEventTableVC.swift */; };
		CC3C15AB229FFF2A0024E052 /* AppDelegate.swift in Sources */ = {isa = PBXBuildFile; fileRef = CC3C15AA229FFF2A0024E052 /* AppDelegate.swift */; };
		CC3C15AD229FFF2A0024E052 /* LoginVC.swift in Sources */ = {isa = PBXBuildFile; fileRef = CC3C15AC229FFF2A0024E052 /* LoginVC.swift */; };
		CC3C15B0229FFF2A0024E052 /* Main.storyboard in Resources */ = {isa = PBXBuildFile; fileRef = CC3C15AE229FFF2A0024E052 /* Main.storyboard */; };
		CC3C15B3229FFF2A0024E052 /* EventHub.xcdatamodeld in Sources */ = {isa = PBXBuildFile; fileRef = CC3C15B1229FFF2A0024E052 /* EventHub.xcdatamodeld */; };
		CC3C15B5229FFF2B0024E052 /* Assets.xcassets in Resources */ = {isa = PBXBuildFile; fileRef = CC3C15B4229FFF2B0024E052 /* Assets.xcassets */; };
		CC3C15B8229FFF2B0024E052 /* LaunchScreen.storyboard in Resources */ = {isa = PBXBuildFile; fileRef = CC3C15B6229FFF2B0024E052 /* LaunchScreen.storyboard */; };
		CC9A407D22A096E600AD9086 /* logo.jpg in Resources */ = {isa = PBXBuildFile; fileRef = CC9A407B22A096E600AD9086 /* logo.jpg */; };
		CCEEBC6122B9128700182632 /* AddHallTableVC.swift in Sources */ = {isa = PBXBuildFile; fileRef = CCEEBC6022B9128700182632 /* AddHallTableVC.swift */; };
		CCFB88D722A9B2C800D92FD7 /* EditHallVC.swift in Sources */ = {isa = PBXBuildFile; fileRef = CCFB88D622A9B2C800D92FD7 /* EditHallVC.swift */; };
		EDDB8A8AE39FE52D798F2394 /* Pods_EventHub.framework in Frameworks */ = {isa = PBXBuildFile; fileRef = 3AFE6DCEDF25155D137480DD /* Pods_EventHub.framework */; };
/* End PBXBuildFile section */

/* Begin PBXFileReference section */
		3AFE6DCEDF25155D137480DD /* Pods_EventHub.framework */ = {isa = PBXFileReference; explicitFileType = wrapper.framework; includeInIndex = 0; path = Pods_EventHub.framework; sourceTree = BUILT_PRODUCTS_DIR; };
		78F3D32EA1ADA55E47C42A07 /* Pods-EventHub.release.xcconfig */ = {isa = PBXFileReference; includeInIndex = 1; lastKnownFileType = text.xcconfig; name = "Pods-EventHub.release.xcconfig"; path = "Target Support Files/Pods-EventHub/Pods-EventHub.release.xcconfig"; sourceTree = "<group>"; };
		CC3897CA22B74CA1001ECA28 /* CreateEventTableVC.swift */ = {isa = PBXFileReference; lastKnownFileType = sourcecode.swift; path = CreateEventTableVC.swift; sourceTree = "<group>"; };
		CC3C15A7229FFF2A0024E052 /* EventHub.app */ = {isa = PBXFileReference; explicitFileType = wrapper.application; includeInIndex = 0; path = EventHub.app; sourceTree = BUILT_PRODUCTS_DIR; };
		CC3C15AA229FFF2A0024E052 /* AppDelegate.swift */ = {isa = PBXFileReference; lastKnownFileType = sourcecode.swift; path = AppDelegate.swift; sourceTree = "<group>"; };
		CC3C15AC229FFF2A0024E052 /* LoginVC.swift */ = {isa = PBXFileReference; lastKnownFileType = sourcecode.swift; path = LoginVC.swift; sourceTree = "<group>"; };
		CC3C15AF229FFF2A0024E052 /* Base */ = {isa = PBXFileReference; lastKnownFileType = file.storyboard; name = Base; path = Base.lproj/Main.storyboard; sourceTree = "<group>"; };
		CC3C15B2229FFF2A0024E052 /* EventHub.xcdatamodel */ = {isa = PBXFileReference; lastKnownFileType = wrapper.xcdatamodel; path = EventHub.xcdatamodel; sourceTree = "<group>"; };
		CC3C15B4229FFF2B0024E052 /* Assets.xcassets */ = {isa = PBXFileReference; lastKnownFileType = folder.assetcatalog; path = Assets.xcassets; sourceTree = "<group>"; };
		CC3C15B7229FFF2B0024E052 /* Base */ = {isa = PBXFileReference; lastKnownFileType = file.storyboard; name = Base; path = Base.lproj/LaunchScreen.storyboard; sourceTree = "<group>"; };
		CC3C15B9229FFF2B0024E052 /* Info.plist */ = {isa = PBXFileReference; lastKnownFileType = text.plist.xml; path = Info.plist; sourceTree = "<group>"; };
		CC9A407B22A096E600AD9086 /* logo.jpg */ = {isa = PBXFileReference; lastKnownFileType = image.jpeg; path = logo.jpg; sourceTree = "<group>"; };
		CCEEBC6022B9128700182632 /* AddHallTableVC.swift */ = {isa = PBXFileReference; lastKnownFileType = sourcecode.swift; path = AddHallTableVC.swift; sourceTree = "<group>"; };
		CCFB88D622A9B2C800D92FD7 /* EditHallVC.swift */ = {isa = PBXFileReference; lastKnownFileType = sourcecode.swift; path = EditHallVC.swift; sourceTree = "<group>"; };
		DCF6AC7D546FB11EDA223241 /* Pods-EventHub.debug.xcconfig */ = {isa = PBXFileReference; includeInIndex = 1; lastKnownFileType = text.xcconfig; name = "Pods-EventHub.debug.xcconfig"; path = "Target Support Files/Pods-EventHub/Pods-EventHub.debug.xcconfig"; sourceTree = "<group>"; };
/* End PBXFileReference section */

/* Begin PBXFrameworksBuildPhase section */
		CC3C15A4229FFF290024E052 /* Frameworks */ = {
			isa = PBXFrameworksBuildPhase;
			buildActionMask = 2147483647;
			files = (
				EDDB8A8AE39FE52D798F2394 /* Pods_EventHub.framework in Frameworks */,
			);
			runOnlyForDeploymentPostprocessing = 0;
		};
/* End PBXFrameworksBuildPhase section */

/* Begin PBXGroup section */
		09A80E4532865DE2D29E439C /* Frameworks */ = {
			isa = PBXGroup;
			children = (
				3AFE6DCEDF25155D137480DD /* Pods_EventHub.framework */,
			);
			name = Frameworks;
			sourceTree = "<group>";
		};
		37C3B42DE071270E54D47A52 /* Pods */ = {
			isa = PBXGroup;
			children = (
				DCF6AC7D546FB11EDA223241 /* Pods-EventHub.debug.xcconfig */,
				78F3D32EA1ADA55E47C42A07 /* Pods-EventHub.release.xcconfig */,
			);
			path = Pods;
			sourceTree = "<group>";
		};
		CC3C159E229FFF290024E052 = {
			isa = PBXGroup;
			children = (
				CC3C15A9229FFF2A0024E052 /* EventHub */,
				CC3C15A8229FFF2A0024E052 /* Products */,
				37C3B42DE071270E54D47A52 /* Pods */,
				09A80E4532865DE2D29E439C /* Frameworks */,
			);
			sourceTree = "<group>";
		};
		CC3C15A8229FFF2A0024E052 /* Products */ = {
			isa = PBXGroup;
			children = (
				CC3C15A7229FFF2A0024E052 /* EventHub.app */,
			);
			name = Products;
			sourceTree = "<group>";
		};
		CC3C15A9229FFF2A0024E052 /* EventHub */ = {
			isa = PBXGroup;
			children = (
				CCFB88D522A54E1800D92FD7 /* Screen */,
				CC9A407B22A096E600AD9086 /* logo.jpg */,
				CC3C15AA229FFF2A0024E052 /* AppDelegate.swift */,
				CC3C15AE229FFF2A0024E052 /* Main.storyboard */,
				CC3C15B4229FFF2B0024E052 /* Assets.xcassets */,
				CC3C15B6229FFF2B0024E052 /* LaunchScreen.storyboard */,
				CC3C15B9229FFF2B0024E052 /* Info.plist */,
				CC3C15B1229FFF2A0024E052 /* EventHub.xcdatamodeld */,
			);
			path = EventHub;
			sourceTree = "<group>";
		};
		CCFB88D522A54E1800D92FD7 /* Screen */ = {
			isa = PBXGroup;
			children = (
				CC3C15AC229FFF2A0024E052 /* LoginVC.swift */,
				CCEEBC6022B9128700182632 /* AddHallTableVC.swift */,
				CC3897CA22B74CA1001ECA28 /* CreateEventTableVC.swift */,
				CCFB88D622A9B2C800D92FD7 /* EditHallVC.swift */,
			);
			path = Screen;
			sourceTree = "<group>";
		};
/* End PBXGroup section */

/* Begin PBXNativeTarget section */
		CC3C15A6229FFF290024E052 /* EventHub */ = {
			isa = PBXNativeTarget;
			buildConfigurationList = CC3C15BC229FFF2B0024E052 /* Build configuration list for PBXNativeTarget "EventHub" */;
			buildPhases = (
				8C935749FE0F63C690AA87C4 /* [CP] Check Pods Manifest.lock */,
				CC3C15A3229FFF290024E052 /* Sources */,
				CC3C15A4229FFF290024E052 /* Frameworks */,
				CC3C15A5229FFF290024E052 /* Resources */,
				041598FCA990B2B19296CA50 /* [CP] Embed Pods Frameworks */,
			);
			buildRules = (
			);
			dependencies = (
			);
			name = EventHub;
			productName = EventHub;
			productReference = CC3C15A7229FFF2A0024E052 /* EventHub.app */;
			productType = "com.apple.product-type.application";
		};
/* End PBXNativeTarget section */

/* Begin PBXProject section */
		CC3C159F229FFF290024E052 /* Project object */ = {
			isa = PBXProject;
			attributes = {
				LastSwiftUpdateCheck = 1020;
				LastUpgradeCheck = 1020;
				ORGANIZATIONNAME = yasmin.ayman;
				TargetAttributes = {
					CC3C15A6229FFF290024E052 = {
						CreatedOnToolsVersion = 10.2.1;
					};
				};
			};
			buildConfigurationList = CC3C15A2229FFF290024E052 /* Build configuration list for PBXProject "EventHub" */;
			compatibilityVersion = "Xcode 9.3";
			developmentRegion = en;
			hasScannedForEncodings = 0;
			knownRegions = (
				en,
				Base,
			);
			mainGroup = CC3C159E229FFF290024E052;
			productRefGroup = CC3C15A8229FFF2A0024E052 /* Products */;
			projectDirPath = "";
			projectRoot = "";
			targets = (
				CC3C15A6229FFF290024E052 /* EventHub */,
			);
		};
/* End PBXProject section */

/* Begin PBXResourcesBuildPhase section */
		CC3C15A5229FFF290024E052 /* Resources */ = {
			isa = PBXResourcesBuildPhase;
			buildActionMask = 2147483647;
			files = (
				CC3C15B8229FFF2B0024E052 /* LaunchScreen.storyboard in Resources */,
				CC9A407D22A096E600AD9086 /* logo.jpg in Resources */,
				CC3C15B5229FFF2B0024E052 /* Assets.xcassets in Resources */,
				CC3C15B0229FFF2A0024E052 /* Main.storyboard in Resources */,
			);
			runOnlyForDeploymentPostprocessing = 0;
		};
/* End PBXResourcesBuildPhase section */

/* Begin PBXShellScriptBuildPhase section */
		041598FCA990B2B19296CA50 /* [CP] Embed Pods Frameworks */ = {
			isa = PBXShellScriptBuildPhase;
			buildActionMask = 2147483647;
			files = (
			);
			inputFileListPaths = (
			);
			inputPaths = (
				"${PODS_ROOT}/Target Support Files/Pods-EventHub/Pods-EventHub-frameworks.sh",
				"${BUILT_PRODUCTS_DIR}/MDFInternationalization/MDFInternationalization.framework",
				"${BUILT_PRODUCTS_DIR}/MDFTextAccessibility/MDFTextAccessibility.framework",
				"${BUILT_PRODUCTS_DIR}/MaterialComponents/MaterialComponents.framework",
				"${BUILT_PRODUCTS_DIR}/MotionAnimator/MotionAnimator.framework",
				"${BUILT_PRODUCTS_DIR}/MotionInterchange/MotionInterchange.framework",
				"${BUILT_PRODUCTS_DIR}/MotionTransitioning/MotionTransitioning.framework",
			);
			name = "[CP] Embed Pods Frameworks";
			outputFileListPaths = (
			);
			outputPaths = (
				"${TARGET_BUILD_DIR}/${FRAMEWORKS_FOLDER_PATH}/MDFInternationalization.framework",
				"${TARGET_BUILD_DIR}/${FRAMEWORKS_FOLDER_PATH}/MDFTextAccessibility.framework",
				"${TARGET_BUILD_DIR}/${FRAMEWORKS_FOLDER_PATH}/MaterialComponents.framework",
				"${TARGET_BUILD_DIR}/${FRAMEWORKS_FOLDER_PATH}/MotionAnimator.framework",
				"${TARGET_BUILD_DIR}/${FRAMEWORKS_FOLDER_PATH}/MotionInterchange.framework",
				"${TARGET_BUILD_DIR}/${FRAMEWORKS_FOLDER_PATH}/MotionTransitioning.framework",
			);
			runOnlyForDeploymentPostprocessing = 0;
			shellPath = /bin/sh;
			shellScript = "\"${PODS_ROOT}/Target Support Files/Pods-EventHub/Pods-EventHub-frameworks.sh\"\n";
			showEnvVarsInLog = 0;
		};
		8C935749FE0F63C690AA87C4 /* [CP] Check Pods Manifest.lock */ = {
			isa = PBXShellScriptBuildPhase;
			buildActionMask = 2147483647;
			files = (
			);
			inputFileListPaths = (
			);
			inputPaths = (
				"${PODS_PODFILE_DIR_PATH}/Podfile.lock",
				"${PODS_ROOT}/Manifest.lock",
			);
			name = "[CP] Check Pods Manifest.lock";
			outputFileListPaths = (
			);
			outputPaths = (
				"$(DERIVED_FILE_DIR)/Pods-EventHub-checkManifestLockResult.txt",
			);
			runOnlyForDeploymentPostprocessing = 0;
			shellPath = /bin/sh;
			shellScript = "diff \"${PODS_PODFILE_DIR_PATH}/Podfile.lock\" \"${PODS_ROOT}/Manifest.lock\" > /dev/null\nif [ $? != 0 ] ; then\n    # print error to STDERR\n    echo \"error: The sandbox is not in sync with the Podfile.lock. Run 'pod install' or update your CocoaPods installation.\" >&2\n    exit 1\nfi\n# This output is used by Xcode 'outputs' to avoid re-running this script phase.\necho \"SUCCESS\" > \"${SCRIPT_OUTPUT_FILE_0}\"\n";
			showEnvVarsInLog = 0;
		};
/* End PBXShellScriptBuildPhase section */

/* Begin PBXSourcesBuildPhase section */
		CC3C15A3229FFF290024E052 /* Sources */ = {
			isa = PBXSourcesBuildPhase;
			buildActionMask = 2147483647;
			files = (
				CC3897CB22B74CA1001ECA28 /* CreateEventTableVC.swift in Sources */,
				CCFB88D722A9B2C800D92FD7 /* EditHallVC.swift in Sources */,
				CCEEBC6122B9128700182632 /* AddHallTableVC.swift in Sources */,
				CC3C15AD229FFF2A0024E052 /* LoginVC.swift in Sources */,
				CC3C15B3229FFF2A0024E052 /* EventHub.xcdatamodeld in Sources */,
				CC3C15AB229FFF2A0024E052 /* AppDelegate.swift in Sources */,
			);
			runOnlyForDeploymentPostprocessing = 0;
		};
/* End PBXSourcesBuildPhase section */

/* Begin PBXVariantGroup section */
		CC3C15AE229FFF2A0024E052 /* Main.storyboard */ = {
			isa = PBXVariantGroup;
			children = (
				CC3C15AF229FFF2A0024E052 /* Base */,
			);
			name = Main.storyboard;
			sourceTree = "<group>";
		};
		CC3C15B6229FFF2B0024E052 /* LaunchScreen.storyboard */ = {
			isa = PBXVariantGroup;
			children = (
				CC3C15B7229FFF2B0024E052 /* Base */,
			);
			name = LaunchScreen.storyboard;
			sourceTree = "<group>";
		};
/* End PBXVariantGroup section */

/* Begin XCBuildConfiguration section */
		CC3C15BA229FFF2B0024E052 /* Debug */ = {
			isa = XCBuildConfiguration;
			buildSettings = {
				ALWAYS_SEARCH_USER_PATHS = NO;
				CLANG_ANALYZER_NONNULL = YES;
				CLANG_ANALYZER_NUMBER_OBJECT_CONVERSION = YES_AGGRESSIVE;
				CLANG_CXX_LANGUAGE_STANDARD = "gnu++14";
				CLANG_CXX_LIBRARY = "libc++";
				CLANG_ENABLE_MODULES = YES;
				CLANG_ENABLE_OBJC_ARC = YES;
				CLANG_ENABLE_OBJC_WEAK = YES;
				CLANG_WARN_BLOCK_CAPTURE_AUTORELEASING = YES;
				CLANG_WARN_BOOL_CONVERSION = YES;
				CLANG_WARN_COMMA = YES;
				CLANG_WARN_CONSTANT_CONVERSION = YES;
				CLANG_WARN_DEPRECATED_OBJC_IMPLEMENTATIONS = YES;
				CLANG_WARN_DIRECT_OBJC_ISA_USAGE = YES_ERROR;
				CLANG_WARN_DOCUMENTATION_COMMENTS = YES;
				CLANG_WARN_EMPTY_BODY = YES;
				CLANG_WARN_ENUM_CONVERSION = YES;
				CLANG_WARN_INFINITE_RECURSION = YES;
				CLANG_WARN_INT_CONVERSION = YES;
				CLANG_WARN_NON_LITERAL_NULL_CONVERSION = YES;
				CLANG_WARN_OBJC_IMPLICIT_RETAIN_SELF = YES;
				CLANG_WARN_OBJC_LITERAL_CONVERSION = YES;
				CLANG_WARN_OBJC_ROOT_CLASS = YES_ERROR;
				CLANG_WARN_RANGE_LOOP_ANALYSIS = YES;
				CLANG_WARN_STRICT_PROTOTYPES = YES;
				CLANG_WARN_SUSPICIOUS_MOVE = YES;
				CLANG_WARN_UNGUARDED_AVAILABILITY = YES_AGGRESSIVE;
				CLANG_WARN_UNREACHABLE_CODE = YES;
				CLANG_WARN__DUPLICATE_METHOD_MATCH = YES;
				CODE_SIGN_IDENTITY = "iPhone Developer";
				COPY_PHASE_STRIP = NO;
				DEBUG_INFORMATION_FORMAT = dwarf;
				ENABLE_STRICT_OBJC_MSGSEND = YES;
				ENABLE_TESTABILITY = YES;
				GCC_C_LANGUAGE_STANDARD = gnu11;
				GCC_DYNAMIC_NO_PIC = NO;
				GCC_NO_COMMON_BLOCKS = YES;
				GCC_OPTIMIZATION_LEVEL = 0;
				GCC_PREPROCESSOR_DEFINITIONS = (
					"DEBUG=1",
					"$(inherited)",
				);
				GCC_WARN_64_TO_32_BIT_CONVERSION = YES;
				GCC_WARN_ABOUT_RETURN_TYPE = YES_ERROR;
				GCC_WARN_UNDECLARED_SELECTOR = YES;
				GCC_WARN_UNINITIALIZED_AUTOS = YES_AGGRESSIVE;
				GCC_WARN_UNUSED_FUNCTION = YES;
				GCC_WARN_UNUSED_VARIABLE = YES;
				IPHONEOS_DEPLOYMENT_TARGET = 12.2;
				MTL_ENABLE_DEBUG_INFO = INCLUDE_SOURCE;
				MTL_FAST_MATH = YES;
				ONLY_ACTIVE_ARCH = YES;
				SDKROOT = iphoneos;
				SWIFT_ACTIVE_COMPILATION_CONDITIONS = DEBUG;
				SWIFT_OPTIMIZATION_LEVEL = "-Onone";
			};
			name = Debug;
		};
		CC3C15BB229FFF2B0024E052 /* Release */ = {
			isa = XCBuildConfiguration;
			buildSettings = {
				ALWAYS_SEARCH_USER_PATHS = NO;
				CLANG_ANALYZER_NONNULL = YES;
				CLANG_ANALYZER_NUMBER_OBJECT_CONVERSION = YES_AGGRESSIVE;
				CLANG_CXX_LANGUAGE_STANDARD = "gnu++14";
				CLANG_CXX_LIBRARY = "libc++";
				CLANG_ENABLE_MODULES = YES;
				CLANG_ENABLE_OBJC_ARC = YES;
				CLANG_ENABLE_OBJC_WEAK = YES;
				CLANG_WARN_BLOCK_CAPTURE_AUTORELEASING = YES;
				CLANG_WARN_BOOL_CONVERSION = YES;
				CLANG_WARN_COMMA = YES;
				CLANG_WARN_CONSTANT_CONVERSION = YES;
				CLANG_WARN_DEPRECATED_OBJC_IMPLEMENTATIONS = YES;
				CLANG_WARN_DIRECT_OBJC_ISA_USAGE = YES_ERROR;
				CLANG_WARN_DOCUMENTATION_COMMENTS = YES;
				CLANG_WARN_EMPTY_BODY = YES;
				CLANG_WARN_ENUM_CONVERSION = YES;
				CLANG_WARN_INFINITE_RECURSION = YES;
				CLANG_WARN_INT_CONVERSION = YES;
				CLANG_WARN_NON_LITERAL_NULL_CONVERSION = YES;
				CLANG_WARN_OBJC_IMPLICIT_RETAIN_SELF = YES;
				CLANG_WARN_OBJC_LITERAL_CONVERSION = YES;
				CLANG_WARN_OBJC_ROOT_CLASS = YES_ERROR;
				CLANG_WARN_RANGE_LOOP_ANALYSIS = YES;
				CLANG_WARN_STRICT_PROTOTYPES = YES;
				CLANG_WARN_SUSPICIOUS_MOVE = YES;
				CLANG_WARN_UNGUARDED_AVAILABILITY = YES_AGGRESSIVE;
				CLANG_WARN_UNREACHABLE_CODE = YES;
				CLANG_WARN__DUPLICATE_METHOD_MATCH = YES;
				CODE_SIGN_IDENTITY = "iPhone Developer";
				COPY_PHASE_STRIP = NO;
				DEBUG_INFORMATION_FORMAT = "dwarf-with-dsym";
				ENABLE_NS_ASSERTIONS = NO;
				ENABLE_STRICT_OBJC_MSGSEND = YES;
				GCC_C_LANGUAGE_STANDARD = gnu11;
				GCC_NO_COMMON_BLOCKS = YES;
				GCC_WARN_64_TO_32_BIT_CONVERSION = YES;
				GCC_WARN_ABOUT_RETURN_TYPE = YES_ERROR;
				GCC_WARN_UNDECLARED_SELECTOR = YES;
				GCC_WARN_UNINITIALIZED_AUTOS = YES_AGGRESSIVE;
				GCC_WARN_UNUSED_FUNCTION = YES;
				GCC_WARN_UNUSED_VARIABLE = YES;
				IPHONEOS_DEPLOYMENT_TARGET = 12.2;
				MTL_ENABLE_DEBUG_INFO = NO;
				MTL_FAST_MATH = YES;
				SDKROOT = iphoneos;
				SWIFT_COMPILATION_MODE = wholemodule;
				SWIFT_OPTIMIZATION_LEVEL = "-O";
				VALIDATE_PRODUCT = YES;
			};
			name = Release;
		};
		CC3C15BD229FFF2B0024E052 /* Debug */ = {
			isa = XCBuildConfiguration;
			baseConfigurationReference = DCF6AC7D546FB11EDA223241 /* Pods-EventHub.debug.xcconfig */;
			buildSettings = {
				ASSETCATALOG_COMPILER_APPICON_NAME = AppIcon;
				CODE_SIGN_STYLE = Automatic;
				DEVELOPMENT_TEAM = N7395776MC;
				INFOPLIST_FILE = EventHub/Info.plist;
				LD_RUNPATH_SEARCH_PATHS = (
					"$(inherited)",
					"@executable_path/Frameworks",
				);
				PRODUCT_BUNDLE_IDENTIFIER = com.EventHub;
				PRODUCT_NAME = "$(TARGET_NAME)";
				SWIFT_VERSION = 4.0;
				TARGETED_DEVICE_FAMILY = "1,2";
			};
			name = Debug;
		};
		CC3C15BE229FFF2B0024E052 /* Release */ = {
			isa = XCBuildConfiguration;
			baseConfigurationReference = 78F3D32EA1ADA55E47C42A07 /* Pods-EventHub.release.xcconfig */;
			buildSettings = {
				ASSETCATALOG_COMPILER_APPICON_NAME = AppIcon;
				CODE_SIGN_STYLE = Automatic;
				DEVELOPMENT_TEAM = N7395776MC;
				INFOPLIST_FILE = EventHub/Info.plist;
				LD_RUNPATH_SEARCH_PATHS = (
					"$(inherited)",
					"@executable_path/Frameworks",
				);
				PRODUCT_BUNDLE_IDENTIFIER = com.EventHub;
				PRODUCT_NAME = "$(TARGET_NAME)";
				SWIFT_VERSION = 4.0;
				TARGETED_DEVICE_FAMILY = "1,2";
			};
			name = Release;
		};
/* End XCBuildConfiguration section */

/* Begin XCConfigurationList section */
		CC3C15A2229FFF290024E052 /* Build configuration list for PBXProject "EventHub" */ = {
			isa = XCConfigurationList;
			buildConfigurations = (
				CC3C15BA229FFF2B0024E052 /* Debug */,
				CC3C15BB229FFF2B0024E052 /* Release */,
			);
			defaultConfigurationIsVisible = 0;
			defaultConfigurationName = Release;
		};
		CC3C15BC229FFF2B0024E052 /* Build configuration list for PBXNativeTarget "EventHub" */ = {
			isa = XCConfigurationList;
			buildConfigurations = (
				CC3C15BD229FFF2B0024E052 /* Debug */,
				CC3C15BE229FFF2B0024E052 /* Release */,
			);
			defaultConfigurationIsVisible = 0;
			defaultConfigurationName = Release;
		};
/* End XCConfigurationList section */

/* Begin XCVersionGroup section */
		CC3C15B1229FFF2A0024E052 /* EventHub.xcdatamodeld */ = {
			isa = XCVersionGroup;
			children = (
				CC3C15B2229FFF2A0024E052 /* EventHub.xcdatamodel */,
			);
			currentVersion = CC3C15B2229FFF2A0024E052 /* EventHub.xcdatamodel */;
			path = EventHub.xcdatamodeld;
			sourceTree = "<group>";
			versionGroupType = wrapper.xcdatamodel;
		};
/* End XCVersionGroup section */
	};
	rootObject = CC3C159F229FFF290024E052 /* Project object */;
}
